
Microsoft Visual Studio Solution File, Format Version 12.00
# Visual Studio Version 16
VisualStudioVersion = 16.0.33423.256
MinimumVisualStudioVersion = 10.0.40219.1
Project("{8BC9CEB8-8B4A-11D0-8D11-00A0C91BC942}") = "TQueue_homework", "TQueue_homework\TQueue_homework.vcxproj", "{7EC5E308-EB0D-42F2-A36B-DF8514EE423C}"
EndProject
Global
	GlobalSection(SolutionConfigurationPlatforms) = preSolution
		Debug|x64 = Debug|x64
		Debug|x86 = Debug|x86
		Release|x64 = Release|x64
		Release|x86 = Release|x86
	EndGlobalSection
	GlobalSection(ProjectConfigurationPlatforms) = postSolution
		{7EC5E308-EB0D-42F2-A36B-DF8514EE423C}.Debug|x64.ActiveCfg = Debug|x64
		{7EC5E308-EB0D-42F2-A36B-DF8514EE423C}.Debug|x64.Build.0 = Debug|x64
		{7EC5E308-EB0D-42F2-A36B-DF8514EE423C}.Debug|x86.ActiveCfg = Debug|Win32
		{7EC5E308-EB0D-42F2-A36B-DF8514EE423C}.Debug|x86.Build.0 = Debug|Win32
		{7EC5E308-EB0D-42F2-A36B-DF8514EE423C}.Release|x64.ActiveCfg = Release|x64
		{7EC5E308-EB0D-42F2-A36B-DF8514EE423C}.Release|x64.Build.0 = Release|x64
		{7EC5E308-EB0D-42F2-A36B-DF8514EE423C}.Release|x86.ActiveCfg = Release|Win32
		{7EC5E308-EB0D-42F2-A36B-DF8514EE423C}.Release|x86.Build.0 = Release|Win32
	EndGlobalSection
	GlobalSection(SolutionProperties) = preSolution
		HideSolutionNode = FALSE
	EndGlobalSection
	GlobalSection(ExtensibilityGlobals) = postSolution
		SolutionGuid = {D7B5B705-3716-472D-BFF3-58B235B12D71}
	EndGlobalSection
EndGlobal
